
Microsoft Visual Studio Solution File, Format Version 12.00
# Visual Studio Version 17
VisualStudioVersion = 17.7.34003.232
MinimumVisualStudioVersion = 10.0.40219.1
Project("{FAE04EC0-301F-11D3-BF4B-00C04F79EFBC}") = "TechBlogging.WebUI", "TechBlogging.WebUI\TechBlogging.WebUI.csproj", "{9064D6AE-5CCE-4EC2-93E9-F8A414FC1025}"
EndProject
Project("{FAE04EC0-301F-11D3-BF4B-00C04F79EFBC}") = "TechBlogging.Models", "TechBlogging.Models\TechBlogging.Models.csproj", "{A398D8D2-DF44-436F-876E-DDF704B518C8}"
EndProject
Project("{FAE04EC0-301F-11D3-BF4B-00C04F79EFBC}") = "TechBlogging.Data", "TechBlogging.Data\TechBlogging.Data.csproj", "{400C5D67-C34D-454C-9246-4098ABC7723B}"
EndProject
Project("{FAE04EC0-301F-11D3-BF4B-00C04F79EFBC}") = "TechBlogging.Helper", "TechBlogging.Helper\TechBlogging.Helper.csproj", "{FD6C88B4-47D4-41E8-A625-B2EC728DB71B}"
EndProject
Project("{FAE04EC0-301F-11D3-BF4B-00C04F79EFBC}") = "TechBlogging.Repository", "TechBlogging.Repository\TechBlogging.Repository.csproj", "{9F775A68-564E-4C9A-BB82-4C77BF394B5E}"
EndProject
Global
	GlobalSection(SolutionConfigurationPlatforms) = preSolution
		Debug|Any CPU = Debug|Any CPU
		Release|Any CPU = Release|Any CPU
	EndGlobalSection
	GlobalSection(ProjectConfigurationPlatforms) = postSolution
		{9064D6AE-5CCE-4EC2-93E9-F8A414FC1025}.Debug|Any CPU.ActiveCfg = Debug|Any CPU
		{9064D6AE-5CCE-4EC2-93E9-F8A414FC1025}.Debug|Any CPU.Build.0 = Debug|Any CPU
		{9064D6AE-5CCE-4EC2-93E9-F8A414FC1025}.Release|Any CPU.ActiveCfg = Release|Any CPU
		{9064D6AE-5CCE-4EC2-93E9-F8A414FC1025}.Release|Any CPU.Build.0 = Release|Any CPU
		{A398D8D2-DF44-436F-876E-DDF704B518C8}.Debug|Any CPU.ActiveCfg = Debug|Any CPU
		{A398D8D2-DF44-436F-876E-DDF704B518C8}.Debug|Any CPU.Build.0 = Debug|Any CPU
		{A398D8D2-DF44-436F-876E-DDF704B518C8}.Release|Any CPU.ActiveCfg = Release|Any CPU
		{A398D8D2-DF44-436F-876E-DDF704B518C8}.Release|Any CPU.Build.0 = Release|Any CPU
		{400C5D67-C34D-454C-9246-4098ABC7723B}.Debug|Any CPU.ActiveCfg = Debug|Any CPU
		{400C5D67-C34D-454C-9246-4098ABC7723B}.Debug|Any CPU.Build.0 = Debug|Any CPU
		{400C5D67-C34D-454C-9246-4098ABC7723B}.Release|Any CPU.ActiveCfg = Release|Any CPU
		{400C5D67-C34D-454C-9246-4098ABC7723B}.Release|Any CPU.Build.0 = Release|Any CPU
		{FD6C88B4-47D4-41E8-A625-B2EC728DB71B}.Debug|Any CPU.ActiveCfg = Debug|Any CPU
		{FD6C88B4-47D4-41E8-A625-B2EC728DB71B}.Debug|Any CPU.Build.0 = Debug|Any CPU
		{FD6C88B4-47D4-41E8-A625-B2EC728DB71B}.Release|Any CPU.ActiveCfg = Release|Any CPU
		{FD6C88B4-47D4-41E8-A625-B2EC728DB71B}.Release|Any CPU.Build.0 = Release|Any CPU
		{9F775A68-564E-4C9A-BB82-4C77BF394B5E}.Debug|Any CPU.ActiveCfg = Debug|Any CPU
		{9F775A68-564E-4C9A-BB82-4C77BF394B5E}.Debug|Any CPU.Build.0 = Debug|Any CPU
		{9F775A68-564E-4C9A-BB82-4C77BF394B5E}.Release|Any CPU.ActiveCfg = Release|Any CPU
		{9F775A68-564E-4C9A-BB82-4C77BF394B5E}.Release|Any CPU.Build.0 = Release|Any CPU
	EndGlobalSection
	GlobalSection(SolutionProperties) = preSolution
		HideSolutionNode = FALSE
	EndGlobalSection
	GlobalSection(ExtensibilityGlobals) = postSolution
		SolutionGuid = {D737B8E8-A7C6-45AA-8660-8772B3593D1F}
	EndGlobalSection
EndGlobal
